
Microsoft Visual Studio Solution File, Format Version 12.00
# Visual Studio Version 17
VisualStudioVersion = 17.14.36717.8 d17.14
MinimumVisualStudioVersion = 10.0.40219.1
Project("{FAE04EC0-301F-11D3-BF4B-00C04F79EFBC}") = "Class-work 25.03.2026", "Class-work 25.03.2026\Class-work 25.03.2026.csproj", "{C66CE473-6C35-425C-B47F-1FFD87D87517}"
EndProject
Global
	GlobalSection(SolutionConfigurationPlatforms) = preSolution
		Debug|Any CPU = Debug|Any CPU
		Release|Any CPU = Release|Any CPU
	EndGlobalSection
	GlobalSection(ProjectConfigurationPlatforms) = postSolution
		{C66CE473-6C35-425C-B47F-1FFD87D87517}.Debug|Any CPU.ActiveCfg = Debug|Any CPU
		{C66CE473-6C35-425C-B47F-1FFD87D87517}.Debug|Any CPU.Build.0 = Debug|Any CPU
		{C66CE473-6C35-425C-B47F-1FFD87D87517}.Release|Any CPU.ActiveCfg = Release|Any CPU
		{C66CE473-6C35-425C-B47F-1FFD87D87517}.Release|Any CPU.Build.0 = Release|Any CPU
	EndGlobalSection
	GlobalSection(SolutionProperties) = preSolution
		HideSolutionNode = FALSE
	EndGlobalSection
	GlobalSection(ExtensibilityGlobals) = postSolution
		SolutionGuid = {3C1763E4-4CE6-442C-9D19-162A9782ADF7}
	EndGlobalSection
EndGlobal
